// !$*UTF8*$!
{
	archiveVersion = 1;
	classes = {
	};
	objectVersion = 46;
	objects = {

/* Begin PBXBuildFile section */
		36572B4C1D0CC79900B8B134 /* imgres.jpg in Resources */ = {isa = PBXBuildFile; fileRef = 36572B4B1D0CC79900B8B134 /* imgres.jpg */; };
		36E355F21D0CEFA10011AB86 /* Main.storyboard in Resources */ = {isa = PBXBuildFile; fileRef = 36E355F11D0CEFA10011AB86 /* Main.storyboard */; };
		36E355F41D0CF0710011AB86 /* TinderViewController.swift in Sources */ = {isa = PBXBuildFile; fileRef = 36E355F31D0CF0710011AB86 /* TinderViewController.swift */; };
		36E355F61D0CF1800011AB86 /* Item.swift in Sources */ = {isa = PBXBuildFile; fileRef = 36E355F51D0CF1800011AB86 /* Item.swift */; };
		76A7B5D715A0AC78C7DB9EE4 /* Pods_PoochieTests.framework in Frameworks */ = {isa = PBXBuildFile; fileRef = 05FA8306FF783440335D5074 /* Pods_PoochieTests.framework */; };
		96F3618E26A4138EBA12B96F /* Pods_Poochie.framework in Frameworks */ = {isa = PBXBuildFile; fileRef = 76E2CE0535382BE6DCA0AC86 /* Pods_Poochie.framework */; };
		E16C14981D0CBEC4009444FA /* AppDelegate.swift in Sources */ = {isa = PBXBuildFile; fileRef = E16C14971D0CBEC4009444FA /* AppDelegate.swift */; };
		E16C149A1D0CBEC4009444FA /* ViewController.swift in Sources */ = {isa = PBXBuildFile; fileRef = E16C14991D0CBEC4009444FA /* ViewController.swift */; };
		E16C149F1D0CBEC4009444FA /* Assets.xcassets in Resources */ = {isa = PBXBuildFile; fileRef = E16C149E1D0CBEC4009444FA /* Assets.xcassets */; };
		E16C14A21D0CBEC4009444FA /* LaunchScreen.storyboard in Resources */ = {isa = PBXBuildFile; fileRef = E16C14A01D0CBEC4009444FA /* LaunchScreen.storyboard */; };
		E16C14AD1D0CBEC4009444FA /* PoochieTests.swift in Sources */ = {isa = PBXBuildFile; fileRef = E16C14AC1D0CBEC4009444FA /* PoochieTests.swift */; };
		E16C14B81D0CBEC4009444FA /* PoochieUITests.swift in Sources */ = {isa = PBXBuildFile; fileRef = E16C14B71D0CBEC4009444FA /* PoochieUITests.swift */; };
		E1E4A6A01D0CD05700D88867 /* SignUpViewController.swift in Sources */ = {isa = PBXBuildFile; fileRef = E1E4A69F1D0CD05700D88867 /* SignUpViewController.swift */; };
		E1E4A6A21D0CEB0100D88867 /* GoogleService-Info.plist in Resources */ = {isa = PBXBuildFile; fileRef = E1E4A6A11D0CEB0100D88867 /* GoogleService-Info.plist */; };
		E1E4A6A41D0CEEF400D88867 /* Main.storyboard in Resources */ = {isa = PBXBuildFile; fileRef = E1E4A6A31D0CEEF400D88867 /* Main.storyboard */; };
		E1E4A6A61D0CF0CD00D88867 /* LogInViewController.swift in Sources */ = {isa = PBXBuildFile; fileRef = E1E4A6A51D0CF0CD00D88867 /* LogInViewController.swift */; };
		E2F234A666876E6F04B6FB07 /* Pods_PoochieUITests.framework in Frameworks */ = {isa = PBXBuildFile; fileRef = 997C6E040DD77A0AB0982C85 /* Pods_PoochieUITests.framework */; };
/* End PBXBuildFile section */

/* Begin PBXContainerItemProxy section */
		E16C14A91D0CBEC4009444FA /* PBXContainerItemProxy */ = {
			isa = PBXContainerItemProxy;
			containerPortal = E16C148C1D0CBEC4009444FA /* Project object */;
			proxyType = 1;
			remoteGlobalIDString = E16C14931D0CBEC4009444FA;
			remoteInfo = Poochie;
		};
		E16C14B41D0CBEC4009444FA /* PBXContainerItemProxy */ = {
			isa = PBXContainerItemProxy;
			containerPortal = E16C148C1D0CBEC4009444FA /* Project object */;
			proxyType = 1;
			remoteGlobalIDString = E16C14931D0CBEC4009444FA;
			remoteInfo = Poochie;
		};
/* End PBXContainerItemProxy section */

/* Begin PBXFileReference section */
		05FA8306FF783440335D5074 /* Pods_PoochieTests.framework */ = {isa = PBXFileReference; explicitFileType = wrapper.framework; includeInIndex = 0; path = Pods_PoochieTests.framework; sourceTree = BUILT_PRODUCTS_DIR; };
		2C3B9B80AB9BB36641BD5481 /* Pods-Poochie.debug.xcconfig */ = {isa = PBXFileReference; includeInIndex = 1; lastKnownFileType = text.xcconfig; name = "Pods-Poochie.debug.xcconfig"; path = "Pods/Target Support Files/Pods-Poochie/Pods-Poochie.debug.xcconfig"; sourceTree = "<group>"; };
		36572B4B1D0CC79900B8B134 /* imgres.jpg */ = {isa = PBXFileReference; lastKnownFileType = image.jpeg; name = imgres.jpg; path = Images/imgres.jpg; sourceTree = "<group>"; };
		36E355F11D0CEFA10011AB86 /* Main.storyboard */ = {isa = PBXFileReference; fileEncoding = 4; lastKnownFileType = file.storyboard; path = Main.storyboard; sourceTree = "<group>"; };
		36E355F31D0CF0710011AB86 /* TinderViewController.swift */ = {isa = PBXFileReference; fileEncoding = 4; lastKnownFileType = sourcecode.swift; path = TinderViewController.swift; sourceTree = "<group>"; };
		36E355F51D0CF1800011AB86 /* Item.swift */ = {isa = PBXFileReference; fileEncoding = 4; lastKnownFileType = sourcecode.swift; path = Item.swift; sourceTree = "<group>"; };
		76E2CE0535382BE6DCA0AC86 /* Pods_Poochie.framework */ = {isa = PBXFileReference; explicitFileType = wrapper.framework; includeInIndex = 0; path = Pods_Poochie.framework; sourceTree = BUILT_PRODUCTS_DIR; };
		895DDF6F11E489749A38613C /* Pods-PoochieTests.debug.xcconfig */ = {isa = PBXFileReference; includeInIndex = 1; lastKnownFileType = text.xcconfig; name = "Pods-PoochieTests.debug.xcconfig"; path = "Pods/Target Support Files/Pods-PoochieTests/Pods-PoochieTests.debug.xcconfig"; sourceTree = "<group>"; };
		997C6E040DD77A0AB0982C85 /* Pods_PoochieUITests.framework */ = {isa = PBXFileReference; explicitFileType = wrapper.framework; includeInIndex = 0; path = Pods_PoochieUITests.framework; sourceTree = BUILT_PRODUCTS_DIR; };
		ADAB1C3B931D7FDBE39C60C3 /* Pods-PoochieUITests.release.xcconfig */ = {isa = PBXFileReference; includeInIndex = 1; lastKnownFileType = text.xcconfig; name = "Pods-PoochieUITests.release.xcconfig"; path = "Pods/Target Support Files/Pods-PoochieUITests/Pods-PoochieUITests.release.xcconfig"; sourceTree = "<group>"; };
		CC209A616AFA1555D1CAEDDE /* Pods-Poochie.release.xcconfig */ = {isa = PBXFileReference; includeInIndex = 1; lastKnownFileType = text.xcconfig; name = "Pods-Poochie.release.xcconfig"; path = "Pods/Target Support Files/Pods-Poochie/Pods-Poochie.release.xcconfig"; sourceTree = "<group>"; };
		DCA209206ED21EFCC20C5CDB /* Pods-PoochieUITests.debug.xcconfig */ = {isa = PBXFileReference; includeInIndex = 1; lastKnownFileType = text.xcconfig; name = "Pods-PoochieUITests.debug.xcconfig"; path = "Pods/Target Support Files/Pods-PoochieUITests/Pods-PoochieUITests.debug.xcconfig"; sourceTree = "<group>"; };
		E16C14941D0CBEC4009444FA /* Poochie.app */ = {isa = PBXFileReference; explicitFileType = wrapper.application; includeInIndex = 0; path = Poochie.app; sourceTree = BUILT_PRODUCTS_DIR; };
		E16C14971D0CBEC4009444FA /* AppDelegate.swift */ = {isa = PBXFileReference; lastKnownFileType = sourcecode.swift; path = AppDelegate.swift; sourceTree = "<group>"; };
		E16C14991D0CBEC4009444FA /* ViewController.swift */ = {isa = PBXFileReference; lastKnownFileType = sourcecode.swift; path = ViewController.swift; sourceTree = "<group>"; };
		E16C149E1D0CBEC4009444FA /* Assets.xcassets */ = {isa = PBXFileReference; lastKnownFileType = folder.assetcatalog; path = Assets.xcassets; sourceTree = "<group>"; };
		E16C14A11D0CBEC4009444FA /* Base */ = {isa = PBXFileReference; lastKnownFileType = file.storyboard; name = Base; path = Base.lproj/LaunchScreen.storyboard; sourceTree = "<group>"; };
		E16C14A31D0CBEC4009444FA /* Info.plist */ = {isa = PBXFileReference; lastKnownFileType = text.plist.xml; path = Info.plist; sourceTree = "<group>"; };
		E16C14A81D0CBEC4009444FA /* PoochieTests.xctest */ = {isa = PBXFileReference; explicitFileType = wrapper.cfbundle; includeInIndex = 0; path = PoochieTests.xctest; sourceTree = BUILT_PRODUCTS_DIR; };
		E16C14AC1D0CBEC4009444FA /* PoochieTests.swift */ = {isa = PBXFileReference; lastKnownFileType = sourcecode.swift; path = PoochieTests.swift; sourceTree = "<group>"; };
		E16C14AE1D0CBEC4009444FA /* Info.plist */ = {isa = PBXFileReference; lastKnownFileType = text.plist.xml; path = Info.plist; sourceTree = "<group>"; };
		E16C14B31D0CBEC4009444FA /* PoochieUITests.xctest */ = {isa = PBXFileReference; explicitFileType = wrapper.cfbundle; includeInIndex = 0; path = PoochieUITests.xctest; sourceTree = BUILT_PRODUCTS_DIR; };
		E16C14B71D0CBEC4009444FA /* PoochieUITests.swift */ = {isa = PBXFileReference; lastKnownFileType = sourcecode.swift; path = PoochieUITests.swift; sourceTree = "<group>"; };
		E16C14B91D0CBEC4009444FA /* Info.plist */ = {isa = PBXFileReference; lastKnownFileType = text.plist.xml; path = Info.plist; sourceTree = "<group>"; };
		E1E4A69F1D0CD05700D88867 /* SignUpViewController.swift */ = {isa = PBXFileReference; fileEncoding = 4; lastKnownFileType = sourcecode.swift; path = SignUpViewController.swift; sourceTree = "<group>"; };
		E1E4A6A11D0CEB0100D88867 /* GoogleService-Info.plist */ = {isa = PBXFileReference; fileEncoding = 4; lastKnownFileType = text.plist.xml; path = "GoogleService-Info.plist"; sourceTree = "<group>"; };
		E1E4A6A31D0CEEF400D88867 /* Main.storyboard */ = {isa = PBXFileReference; fileEncoding = 4; lastKnownFileType = file.storyboard; path = Main.storyboard; sourceTree = "<group>"; };
		E1E4A6A51D0CF0CD00D88867 /* LogInViewController.swift */ = {isa = PBXFileReference; fileEncoding = 4; lastKnownFileType = sourcecode.swift; path = LogInViewController.swift; sourceTree = "<group>"; };
		EE0C2DAB7771D4649AE1A94B /* Pods-PoochieTests.release.xcconfig */ = {isa = PBXFileReference; includeInIndex = 1; lastKnownFileType = text.xcconfig; name = "Pods-PoochieTests.release.xcconfig"; path = "Pods/Target Support Files/Pods-PoochieTests/Pods-PoochieTests.release.xcconfig"; sourceTree = "<group>"; };
/* End PBXFileReference section */

/* Begin PBXFrameworksBuildPhase section */
		E16C14911D0CBEC4009444FA /* Frameworks */ = {
			isa = PBXFrameworksBuildPhase;
			buildActionMask = 2147483647;
			files = (
				96F3618E26A4138EBA12B96F /* Pods_Poochie.framework in Frameworks */,
			);
			runOnlyForDeploymentPostprocessing = 0;
		};
		E16C14A51D0CBEC4009444FA /* Frameworks */ = {
			isa = PBXFrameworksBuildPhase;
			buildActionMask = 2147483647;
			files = (
				76A7B5D715A0AC78C7DB9EE4 /* Pods_PoochieTests.framework in Frameworks */,
			);
			runOnlyForDeploymentPostprocessing = 0;
		};
		E16C14B01D0CBEC4009444FA /* Frameworks */ = {
			isa = PBXFrameworksBuildPhase;
			buildActionMask = 2147483647;
			files = (
				E2F234A666876E6F04B6FB07 /* Pods_PoochieUITests.framework in Frameworks */,
			);
			runOnlyForDeploymentPostprocessing = 0;
		};
/* End PBXFrameworksBuildPhase section */

/* Begin PBXGroup section */
		11C12952440F086FDFD604CF /* Pods */ = {
			isa = PBXGroup;
			children = (
				2C3B9B80AB9BB36641BD5481 /* Pods-Poochie.debug.xcconfig */,
				CC209A616AFA1555D1CAEDDE /* Pods-Poochie.release.xcconfig */,
				895DDF6F11E489749A38613C /* Pods-PoochieTests.debug.xcconfig */,
				EE0C2DAB7771D4649AE1A94B /* Pods-PoochieTests.release.xcconfig */,
				DCA209206ED21EFCC20C5CDB /* Pods-PoochieUITests.debug.xcconfig */,
				ADAB1C3B931D7FDBE39C60C3 /* Pods-PoochieUITests.release.xcconfig */,
			);
			name = Pods;
			sourceTree = "<group>";
		};
		E16C148B1D0CBEC4009444FA = {
			isa = PBXGroup;
			children = (
				E16C14961D0CBEC4009444FA /* Poochie */,
				E16C14AB1D0CBEC4009444FA /* PoochieTests */,
				E16C14B61D0CBEC4009444FA /* PoochieUITests */,
				E16C14951D0CBEC4009444FA /* Products */,
				11C12952440F086FDFD604CF /* Pods */,
				E3C19CEEF40145F8FFDC2DA2 /* Frameworks */,
			);
			sourceTree = "<group>";
		};
		E16C14951D0CBEC4009444FA /* Products */ = {
			isa = PBXGroup;
			children = (
				E16C14941D0CBEC4009444FA /* Poochie.app */,
				E16C14A81D0CBEC4009444FA /* PoochieTests.xctest */,
				E16C14B31D0CBEC4009444FA /* PoochieUITests.xctest */,
			);
			name = Products;
			sourceTree = "<group>";
		};
		E16C14961D0CBEC4009444FA /* Poochie */ = {
			isa = PBXGroup;
			children = (
				E1E4A69F1D0CD05700D88867 /* SignUpViewController.swift */,
				E1E4A6A51D0CF0CD00D88867 /* LogInViewController.swift */,
				E16C14971D0CBEC4009444FA /* AppDelegate.swift */,
				E16C14991D0CBEC4009444FA /* ViewController.swift */,

				E16C149E1D0CBEC4009444FA /* Assets.xcassets */,
				36E355F31D0CF0710011AB86 /* TinderViewController.swift */,
				36572B4B1D0CC79900B8B134 /* imgres.jpg */,
				E1E4A6A31D0CEEF400D88867 /* Main.storyboard */,
				E16C14A01D0CBEC4009444FA /* LaunchScreen.storyboard */,
				E16C14A31D0CBEC4009444FA /* Info.plist */,
				E1E4A6A11D0CEB0100D88867 /* GoogleService-Info.plist */,
			);
			path = Poochie;
			sourceTree = "<group>";
		};
		E16C14AB1D0CBEC4009444FA /* PoochieTests */ = {
			isa = PBXGroup;
			children = (
				E16C14AC1D0CBEC4009444FA /* PoochieTests.swift */,
				E16C14AE1D0CBEC4009444FA /* Info.plist */,
			);
			path = PoochieTests;
			sourceTree = "<group>";
		};
		E16C14B61D0CBEC4009444FA /* PoochieUITests */ = {
			isa = PBXGroup;
			children = (
				E16C14B71D0CBEC4009444FA /* PoochieUITests.swift */,
				E16C14B91D0CBEC4009444FA /* Info.plist */,
			);
			path = PoochieUITests;
			sourceTree = "<group>";
		};
		E3C19CEEF40145F8FFDC2DA2 /* Frameworks */ = {
			isa = PBXGroup;
			children = (
				76E2CE0535382BE6DCA0AC86 /* Pods_Poochie.framework */,
				05FA8306FF783440335D5074 /* Pods_PoochieTests.framework */,
				997C6E040DD77A0AB0982C85 /* Pods_PoochieUITests.framework */,
			);
			name = Frameworks;
			sourceTree = "<group>";
		};
/* End PBXGroup section */

/* Begin PBXNativeTarget section */
		E16C14931D0CBEC4009444FA /* Poochie */ = {
			isa = PBXNativeTarget;
			buildConfigurationList = E16C14BC1D0CBEC4009444FA /* Build configuration list for PBXNativeTarget "Poochie" */;
			buildPhases = (
				F1EED42354F343D516D06D37 /* 📦 Check Pods Manifest.lock */,
				1348B4804C1F54AD9A635FA7 /* [CP] Check Pods Manifest.lock */,
				E16C14901D0CBEC4009444FA /* Sources */,
				E16C14911D0CBEC4009444FA /* Frameworks */,
				E16C14921D0CBEC4009444FA /* Resources */,
				5A4820BEF268594E9D33C6E0 /* [CP] Embed Pods Frameworks */,
				F7EBAD85766CD7ABCFD76F89 /* [CP] Copy Pods Resources */,
				483D9D953DF647CC988D8362 /* 📦 Embed Pods Frameworks */,
				00388EDB83635271E31490C0 /* 📦 Copy Pods Resources */,
			);
			buildRules = (
			);
			dependencies = (
			);
			name = Poochie;
			productName = Poochie;
			productReference = E16C14941D0CBEC4009444FA /* Poochie.app */;
			productType = "com.apple.product-type.application";
		};
		E16C14A71D0CBEC4009444FA /* PoochieTests */ = {
			isa = PBXNativeTarget;
			buildConfigurationList = E16C14BF1D0CBEC4009444FA /* Build configuration list for PBXNativeTarget "PoochieTests" */;
			buildPhases = (
				C797017C7CFE240F2A0C8A61 /* 📦 Check Pods Manifest.lock */,
				3E8E51B7447A66F6B0636055 /* [CP] Check Pods Manifest.lock */,
				E16C14A41D0CBEC4009444FA /* Sources */,
				E16C14A51D0CBEC4009444FA /* Frameworks */,
				E16C14A61D0CBEC4009444FA /* Resources */,
				AB89A3C7411E07C352C93588 /* [CP] Embed Pods Frameworks */,
				D8B1F819375A8E8A01422C3E /* [CP] Copy Pods Resources */,
				23F4EFF734083107AD6F6784 /* 📦 Embed Pods Frameworks */,
				1774F56DF0560CD8B0266A2A /* 📦 Copy Pods Resources */,
			);
			buildRules = (
			);
			dependencies = (
				E16C14AA1D0CBEC4009444FA /* PBXTargetDependency */,
			);
			name = PoochieTests;
			productName = PoochieTests;
			productReference = E16C14A81D0CBEC4009444FA /* PoochieTests.xctest */;
			productType = "com.apple.product-type.bundle.unit-test";
		};
		E16C14B21D0CBEC4009444FA /* PoochieUITests */ = {
			isa = PBXNativeTarget;
			buildConfigurationList = E16C14C21D0CBEC4009444FA /* Build configuration list for PBXNativeTarget "PoochieUITests" */;
			buildPhases = (
				26ACD4226592A293F5C70CFE /* 📦 Check Pods Manifest.lock */,
				9BA5B5E16473B25D043BEC7B /* [CP] Check Pods Manifest.lock */,
				E16C14AF1D0CBEC4009444FA /* Sources */,
				E16C14B01D0CBEC4009444FA /* Frameworks */,
				E16C14B11D0CBEC4009444FA /* Resources */,
				13F564B9AFCD2BF94F525946 /* [CP] Copy Pods Resources */,
				F432900F178DA068494BE991 /* 📦 Copy Pods Resources */,
			);
			buildRules = (
			);
			dependencies = (
				E16C14B51D0CBEC4009444FA /* PBXTargetDependency */,
			);
			name = PoochieUITests;
			productName = PoochieUITests;
			productReference = E16C14B31D0CBEC4009444FA /* PoochieUITests.xctest */;
			productType = "com.apple.product-type.bundle.ui-testing";
		};
/* End PBXNativeTarget section */

/* Begin PBXProject section */
		E16C148C1D0CBEC4009444FA /* Project object */ = {
			isa = PBXProject;
			attributes = {
				LastSwiftUpdateCheck = 0730;
				LastUpgradeCheck = 0730;
				ORGANIZATIONNAME = "Avinash Jain";
				TargetAttributes = {
					E16C14931D0CBEC4009444FA = {
						CreatedOnToolsVersion = 7.3.1;
					};
					E16C14A71D0CBEC4009444FA = {
						CreatedOnToolsVersion = 7.3.1;
						TestTargetID = E16C14931D0CBEC4009444FA;
					};
					E16C14B21D0CBEC4009444FA = {
						CreatedOnToolsVersion = 7.3.1;
						TestTargetID = E16C14931D0CBEC4009444FA;
					};
				};
			};
			buildConfigurationList = E16C148F1D0CBEC4009444FA /* Build configuration list for PBXProject "Poochie" */;
			compatibilityVersion = "Xcode 3.2";
			developmentRegion = English;
			hasScannedForEncodings = 0;
			knownRegions = (
				en,
				Base,
			);
			mainGroup = E16C148B1D0CBEC4009444FA;
			productRefGroup = E16C14951D0CBEC4009444FA /* Products */;
			projectDirPath = "";
			projectRoot = "";
			targets = (
				E16C14931D0CBEC4009444FA /* Poochie */,
				E16C14A71D0CBEC4009444FA /* PoochieTests */,
				E16C14B21D0CBEC4009444FA /* PoochieUITests */,
			);
		};
/* End PBXProject section */

/* Begin PBXResourcesBuildPhase section */
		E16C14921D0CBEC4009444FA /* Resources */ = {
			isa = PBXResourcesBuildPhase;
			buildActionMask = 2147483647;
			files = (
				36572B4C1D0CC79900B8B134 /* imgres.jpg in Resources */,
				E1E4A6A21D0CEB0100D88867 /* GoogleService-Info.plist in Resources */,

				E16C14A21D0CBEC4009444FA /* LaunchScreen.storyboard in Resources */,
				E1E4A6A41D0CEEF400D88867 /* Main.storyboard in Resources */,
				E16C149F1D0CBEC4009444FA /* Assets.xcassets in Resources */,

			);
			runOnlyForDeploymentPostprocessing = 0;
		};
		E16C14A61D0CBEC4009444FA /* Resources */ = {
			isa = PBXResourcesBuildPhase;
			buildActionMask = 2147483647;
			files = (
			);
			runOnlyForDeploymentPostprocessing = 0;
		};
		E16C14B11D0CBEC4009444FA /* Resources */ = {
			isa = PBXResourcesBuildPhase;
			buildActionMask = 2147483647;
			files = (
			);
			runOnlyForDeploymentPostprocessing = 0;
		};
/* End PBXResourcesBuildPhase section */

/* Begin PBXShellScriptBuildPhase section */
		00388EDB83635271E31490C0 /* 📦 Copy Pods Resources */ = {
			isa = PBXShellScriptBuildPhase;
			buildActionMask = 2147483647;
			files = (
			);
			inputPaths = (
			);
			name = "📦 Copy Pods Resources";
			outputPaths = (
			);
			runOnlyForDeploymentPostprocessing = 0;
			shellPath = /bin/sh;
			shellScript = "\"${SRCROOT}/Pods/Target Support Files/Pods-Poochie/Pods-Poochie-resources.sh\"\n";
			showEnvVarsInLog = 0;
		};
		1348B4804C1F54AD9A635FA7 /* [CP] Check Pods Manifest.lock */ = {
			isa = PBXShellScriptBuildPhase;
			buildActionMask = 2147483647;
			files = (
			);
			inputPaths = (
			);
			name = "[CP] Check Pods Manifest.lock";
			outputPaths = (
			);
			runOnlyForDeploymentPostprocessing = 0;
			shellPath = /bin/sh;
			shellScript = "diff \"${PODS_ROOT}/../Podfile.lock\" \"${PODS_ROOT}/Manifest.lock\" > /dev/null\nif [[ $? != 0 ]] ; then\n    cat << EOM\nerror: The sandbox is not in sync with the Podfile.lock. Run 'pod install' or update your CocoaPods installation.\nEOM\n    exit 1\nfi\n";
			showEnvVarsInLog = 0;
		};
		13F564B9AFCD2BF94F525946 /* [CP] Copy Pods Resources */ = {
			isa = PBXShellScriptBuildPhase;
			buildActionMask = 2147483647;
			files = (
			);
			inputPaths = (
			);
			name = "[CP] Copy Pods Resources";
			outputPaths = (
			);
			runOnlyForDeploymentPostprocessing = 0;
			shellPath = /bin/sh;
			shellScript = "\"${SRCROOT}/Pods/Target Support Files/Pods-PoochieUITests/Pods-PoochieUITests-resources.sh\"\n";
			showEnvVarsInLog = 0;
		};
		1774F56DF0560CD8B0266A2A /* 📦 Copy Pods Resources */ = {
			isa = PBXShellScriptBuildPhase;
			buildActionMask = 2147483647;
			files = (
			);
			inputPaths = (
			);
			name = "📦 Copy Pods Resources";
			outputPaths = (
			);
			runOnlyForDeploymentPostprocessing = 0;
			shellPath = /bin/sh;
			shellScript = "\"${SRCROOT}/Pods/Target Support Files/Pods-PoochieTests/Pods-PoochieTests-resources.sh\"\n";
			showEnvVarsInLog = 0;
		};
		23F4EFF734083107AD6F6784 /* 📦 Embed Pods Frameworks */ = {
			isa = PBXShellScriptBuildPhase;
			buildActionMask = 2147483647;
			files = (
			);
			inputPaths = (
			);
			name = "📦 Embed Pods Frameworks";
			outputPaths = (
			);
			runOnlyForDeploymentPostprocessing = 0;
			shellPath = /bin/sh;
			shellScript = "\"${SRCROOT}/Pods/Target Support Files/Pods-PoochieTests/Pods-PoochieTests-frameworks.sh\"\n";
			showEnvVarsInLog = 0;
		};
		26ACD4226592A293F5C70CFE /* 📦 Check Pods Manifest.lock */ = {
			isa = PBXShellScriptBuildPhase;
			buildActionMask = 2147483647;
			files = (
			);
			inputPaths = (
			);
			name = "📦 Check Pods Manifest.lock";
			outputPaths = (
			);
			runOnlyForDeploymentPostprocessing = 0;
			shellPath = /bin/sh;
			shellScript = "diff \"${PODS_ROOT}/../Podfile.lock\" \"${PODS_ROOT}/Manifest.lock\" > /dev/null\nif [[ $? != 0 ]] ; then\n    cat << EOM\nerror: The sandbox is not in sync with the Podfile.lock. Run 'pod install' or update your CocoaPods installation.\nEOM\n    exit 1\nfi\n";
			showEnvVarsInLog = 0;
		};
		3E8E51B7447A66F6B0636055 /* [CP] Check Pods Manifest.lock */ = {
			isa = PBXShellScriptBuildPhase;
			buildActionMask = 2147483647;
			files = (
			);
			inputPaths = (
			);
			name = "[CP] Check Pods Manifest.lock";
			outputPaths = (
			);
			runOnlyForDeploymentPostprocessing = 0;
			shellPath = /bin/sh;
			shellScript = "diff \"${PODS_ROOT}/../Podfile.lock\" \"${PODS_ROOT}/Manifest.lock\" > /dev/null\nif [[ $? != 0 ]] ; then\n    cat << EOM\nerror: The sandbox is not in sync with the Podfile.lock. Run 'pod install' or update your CocoaPods installation.\nEOM\n    exit 1\nfi\n";
			showEnvVarsInLog = 0;
		};
		483D9D953DF647CC988D8362 /* 📦 Embed Pods Frameworks */ = {
			isa = PBXShellScriptBuildPhase;
			buildActionMask = 2147483647;
			files = (
			);
			inputPaths = (
			);
			name = "📦 Embed Pods Frameworks";
			outputPaths = (
			);
			runOnlyForDeploymentPostprocessing = 0;
			shellPath = /bin/sh;
			shellScript = "\"${SRCROOT}/Pods/Target Support Files/Pods-Poochie/Pods-Poochie-frameworks.sh\"\n";
			showEnvVarsInLog = 0;
		};
		5A4820BEF268594E9D33C6E0 /* [CP] Embed Pods Frameworks */ = {
			isa = PBXShellScriptBuildPhase;
			buildActionMask = 2147483647;
			files = (
			);
			inputPaths = (
			);
			name = "[CP] Embed Pods Frameworks";
			outputPaths = (
			);
			runOnlyForDeploymentPostprocessing = 0;
			shellPath = /bin/sh;
			shellScript = "\"${SRCROOT}/Pods/Target Support Files/Pods-Poochie/Pods-Poochie-frameworks.sh\"\n";
			showEnvVarsInLog = 0;
		};
		9BA5B5E16473B25D043BEC7B /* [CP] Check Pods Manifest.lock */ = {
			isa = PBXShellScriptBuildPhase;
			buildActionMask = 2147483647;
			files = (
			);
			inputPaths = (
			);
			name = "[CP] Check Pods Manifest.lock";
			outputPaths = (
			);
			runOnlyForDeploymentPostprocessing = 0;
			shellPath = /bin/sh;
			shellScript = "diff \"${PODS_ROOT}/../Podfile.lock\" \"${PODS_ROOT}/Manifest.lock\" > /dev/null\nif [[ $? != 0 ]] ; then\n    cat << EOM\nerror: The sandbox is not in sync with the Podfile.lock. Run 'pod install' or update your CocoaPods installation.\nEOM\n    exit 1\nfi\n";
			showEnvVarsInLog = 0;
		};
		AB89A3C7411E07C352C93588 /* [CP] Embed Pods Frameworks */ = {
			isa = PBXShellScriptBuildPhase;
			buildActionMask = 2147483647;
			files = (
			);
			inputPaths = (
			);
			name = "[CP] Embed Pods Frameworks";
			outputPaths = (
			);
			runOnlyForDeploymentPostprocessing = 0;
			shellPath = /bin/sh;
			shellScript = "\"${SRCROOT}/Pods/Target Support Files/Pods-PoochieTests/Pods-PoochieTests-frameworks.sh\"\n";
			showEnvVarsInLog = 0;
		};
		C797017C7CFE240F2A0C8A61 /* 📦 Check Pods Manifest.lock */ = {
			isa = PBXShellScriptBuildPhase;
			buildActionMask = 2147483647;
			files = (
			);
			inputPaths = (
			);
			name = "📦 Check Pods Manifest.lock";
			outputPaths = (
			);
			runOnlyForDeploymentPostprocessing = 0;
			shellPath = /bin/sh;
			shellScript = "diff \"${PODS_ROOT}/../Podfile.lock\" \"${PODS_ROOT}/Manifest.lock\" > /dev/null\nif [[ $? != 0 ]] ; then\n    cat << EOM\nerror: The sandbox is not in sync with the Podfile.lock. Run 'pod install' or update your CocoaPods installation.\nEOM\n    exit 1\nfi\n";
			showEnvVarsInLog = 0;
		};
		D8B1F819375A8E8A01422C3E /* [CP] Copy Pods Resources */ = {
			isa = PBXShellScriptBuildPhase;
			buildActionMask = 2147483647;
			files = (
			);
			inputPaths = (
			);
			name = "[CP] Copy Pods Resources";
			outputPaths = (
			);
			runOnlyForDeploymentPostprocessing = 0;
			shellPath = /bin/sh;
			shellScript = "\"${SRCROOT}/Pods/Target Support Files/Pods-PoochieTests/Pods-PoochieTests-resources.sh\"\n";
			showEnvVarsInLog = 0;
		};
		F1EED42354F343D516D06D37 /* 📦 Check Pods Manifest.lock */ = {
			isa = PBXShellScriptBuildPhase;
			buildActionMask = 2147483647;
			files = (
			);
			inputPaths = (
			);
			name = "📦 Check Pods Manifest.lock";
			outputPaths = (
			);
			runOnlyForDeploymentPostprocessing = 0;
			shellPath = /bin/sh;
			shellScript = "diff \"${PODS_ROOT}/../Podfile.lock\" \"${PODS_ROOT}/Manifest.lock\" > /dev/null\nif [[ $? != 0 ]] ; then\n    cat << EOM\nerror: The sandbox is not in sync with the Podfile.lock. Run 'pod install' or update your CocoaPods installation.\nEOM\n    exit 1\nfi\n";
			showEnvVarsInLog = 0;
		};
		F432900F178DA068494BE991 /* 📦 Copy Pods Resources */ = {
			isa = PBXShellScriptBuildPhase;
			buildActionMask = 2147483647;
			files = (
			);
			inputPaths = (
			);
			name = "📦 Copy Pods Resources";
			outputPaths = (
			);
			runOnlyForDeploymentPostprocessing = 0;
			shellPath = /bin/sh;
			shellScript = "\"${SRCROOT}/Pods/Target Support Files/Pods-PoochieUITests/Pods-PoochieUITests-resources.sh\"\n";
			showEnvVarsInLog = 0;
		};
		F7EBAD85766CD7ABCFD76F89 /* [CP] Copy Pods Resources */ = {
			isa = PBXShellScriptBuildPhase;
			buildActionMask = 2147483647;
			files = (
			);
			inputPaths = (
			);
			name = "[CP] Copy Pods Resources";
			outputPaths = (
			);
			runOnlyForDeploymentPostprocessing = 0;
			shellPath = /bin/sh;
			shellScript = "\"${SRCROOT}/Pods/Target Support Files/Pods-Poochie/Pods-Poochie-resources.sh\"\n";
			showEnvVarsInLog = 0;
		};
/* End PBXShellScriptBuildPhase section */

/* Begin PBXSourcesBuildPhase section */
		E16C14901D0CBEC4009444FA /* Sources */ = {
			isa = PBXSourcesBuildPhase;
			buildActionMask = 2147483647;
			files = (

				E1E4A6A61D0CF0CD00D88867 /* LogInViewController.swift in Sources */,
				E1E4A6A01D0CD05700D88867 /* SignUpViewController.swift in Sources */,
				E16C149A1D0CBEC4009444FA /* ViewController.swift in Sources */,
				36E355F41D0CF0710011AB86 /* TinderViewController.swift in Sources */,
				E16C14981D0CBEC4009444FA /* AppDelegate.swift in Sources */,
			);
			runOnlyForDeploymentPostprocessing = 0;
		};
		E16C14A41D0CBEC4009444FA /* Sources */ = {
			isa = PBXSourcesBuildPhase;
			buildActionMask = 2147483647;
			files = (
				E16C14AD1D0CBEC4009444FA /* PoochieTests.swift in Sources */,
			);
			runOnlyForDeploymentPostprocessing = 0;
		};
		E16C14AF1D0CBEC4009444FA /* Sources */ = {
			isa = PBXSourcesBuildPhase;
			buildActionMask = 2147483647;
			files = (
				E16C14B81D0CBEC4009444FA /* PoochieUITests.swift in Sources */,
			);
			runOnlyForDeploymentPostprocessing = 0;
		};
/* End PBXSourcesBuildPhase section */

/* Begin PBXTargetDependency section */
		E16C14AA1D0CBEC4009444FA /* PBXTargetDependency */ = {
			isa = PBXTargetDependency;
			target = E16C14931D0CBEC4009444FA /* Poochie */;
			targetProxy = E16C14A91D0CBEC4009444FA /* PBXContainerItemProxy */;
		};
		E16C14B51D0CBEC4009444FA /* PBXTargetDependency */ = {
			isa = PBXTargetDependency;
			target = E16C14931D0CBEC4009444FA /* Poochie */;
			targetProxy = E16C14B41D0CBEC4009444FA /* PBXContainerItemProxy */;
		};
/* End PBXTargetDependency section */

/* Begin PBXVariantGroup section */
		E16C14A01D0CBEC4009444FA /* LaunchScreen.storyboard */ = {
			isa = PBXVariantGroup;
			children = (
				E16C14A11D0CBEC4009444FA /* Base */,
			);
			name = LaunchScreen.storyboard;
			sourceTree = "<group>";
		};
/* End PBXVariantGroup section */

/* Begin XCBuildConfiguration section */
		E16C14BA1D0CBEC4009444FA /* Debug */ = {
			isa = XCBuildConfiguration;
			buildSettings = {
				ALWAYS_SEARCH_USER_PATHS = NO;
				CLANG_ANALYZER_NONNULL = YES;
				CLANG_CXX_LANGUAGE_STANDARD = "gnu++0x";
				CLANG_CXX_LIBRARY = "libc++";
				CLANG_ENABLE_MODULES = YES;
				CLANG_ENABLE_OBJC_ARC = YES;
				CLANG_WARN_BOOL_CONVERSION = YES;
				CLANG_WARN_CONSTANT_CONVERSION = YES;
				CLANG_WARN_DIRECT_OBJC_ISA_USAGE = YES_ERROR;
				CLANG_WARN_EMPTY_BODY = YES;
				CLANG_WARN_ENUM_CONVERSION = YES;
				CLANG_WARN_INT_CONVERSION = YES;
				CLANG_WARN_OBJC_ROOT_CLASS = YES_ERROR;
				CLANG_WARN_UNREACHABLE_CODE = YES;
				CLANG_WARN__DUPLICATE_METHOD_MATCH = YES;
				"CODE_SIGN_IDENTITY[sdk=iphoneos*]" = "iPhone Developer";
				COPY_PHASE_STRIP = NO;
				DEBUG_INFORMATION_FORMAT = dwarf;
				ENABLE_STRICT_OBJC_MSGSEND = YES;
				ENABLE_TESTABILITY = YES;
				GCC_C_LANGUAGE_STANDARD = gnu99;
				GCC_DYNAMIC_NO_PIC = NO;
				GCC_NO_COMMON_BLOCKS = YES;
				GCC_OPTIMIZATION_LEVEL = 0;
				GCC_PREPROCESSOR_DEFINITIONS = (
					"DEBUG=1",
					"$(inherited)",
				);
				GCC_WARN_64_TO_32_BIT_CONVERSION = YES;
				GCC_WARN_ABOUT_RETURN_TYPE = YES_ERROR;
				GCC_WARN_UNDECLARED_SELECTOR = YES;
				GCC_WARN_UNINITIALIZED_AUTOS = YES_AGGRESSIVE;
				GCC_WARN_UNUSED_FUNCTION = YES;
				GCC_WARN_UNUSED_VARIABLE = YES;
				IPHONEOS_DEPLOYMENT_TARGET = 9.3;
				MTL_ENABLE_DEBUG_INFO = YES;
				ONLY_ACTIVE_ARCH = YES;
				SDKROOT = iphoneos;
				SWIFT_OPTIMIZATION_LEVEL = "-Onone";
				TARGETED_DEVICE_FAMILY = "1,2";
			};
			name = Debug;
		};
		E16C14BB1D0CBEC4009444FA /* Release */ = {
			isa = XCBuildConfiguration;
			buildSettings = {
				ALWAYS_SEARCH_USER_PATHS = NO;
				CLANG_ANALYZER_NONNULL = YES;
				CLANG_CXX_LANGUAGE_STANDARD = "gnu++0x";
				CLANG_CXX_LIBRARY = "libc++";
				CLANG_ENABLE_MODULES = YES;
				CLANG_ENABLE_OBJC_ARC = YES;
				CLANG_WARN_BOOL_CONVERSION = YES;
				CLANG_WARN_CONSTANT_CONVERSION = YES;
				CLANG_WARN_DIRECT_OBJC_ISA_USAGE = YES_ERROR;
				CLANG_WARN_EMPTY_BODY = YES;
				CLANG_WARN_ENUM_CONVERSION = YES;
				CLANG_WARN_INT_CONVERSION = YES;
				CLANG_WARN_OBJC_ROOT_CLASS = YES_ERROR;
				CLANG_WARN_UNREACHABLE_CODE = YES;
				CLANG_WARN__DUPLICATE_METHOD_MATCH = YES;
				"CODE_SIGN_IDENTITY[sdk=iphoneos*]" = "iPhone Developer";
				COPY_PHASE_STRIP = NO;
				DEBUG_INFORMATION_FORMAT = "dwarf-with-dsym";
				ENABLE_NS_ASSERTIONS = NO;
				ENABLE_STRICT_OBJC_MSGSEND = YES;
				GCC_C_LANGUAGE_STANDARD = gnu99;
				GCC_NO_COMMON_BLOCKS = YES;
				GCC_WARN_64_TO_32_BIT_CONVERSION = YES;
				GCC_WARN_ABOUT_RETURN_TYPE = YES_ERROR;
				GCC_WARN_UNDECLARED_SELECTOR = YES;
				GCC_WARN_UNINITIALIZED_AUTOS = YES_AGGRESSIVE;
				GCC_WARN_UNUSED_FUNCTION = YES;
				GCC_WARN_UNUSED_VARIABLE = YES;
				IPHONEOS_DEPLOYMENT_TARGET = 9.3;
				MTL_ENABLE_DEBUG_INFO = NO;
				SDKROOT = iphoneos;
				TARGETED_DEVICE_FAMILY = "1,2";
				VALIDATE_PRODUCT = YES;
			};
			name = Release;
		};
		E16C14BD1D0CBEC4009444FA /* Debug */ = {
			isa = XCBuildConfiguration;
			baseConfigurationReference = 2C3B9B80AB9BB36641BD5481 /* Pods-Poochie.debug.xcconfig */;
			buildSettings = {
				ASSETCATALOG_COMPILER_APPICON_NAME = AppIcon;
				CODE_SIGN_IDENTITY = "iPhone Developer";
				INFOPLIST_FILE = Poochie/Info.plist;
				LD_RUNPATH_SEARCH_PATHS = "$(inherited) @executable_path/Frameworks";
				PRODUCT_BUNDLE_IDENTIFIER = BaseHacks.Poochie;
				PRODUCT_NAME = "$(TARGET_NAME)";
				TARGETED_DEVICE_FAMILY = "1,2";
			};
			name = Debug;
		};
		E16C14BE1D0CBEC4009444FA /* Release */ = {
			isa = XCBuildConfiguration;
			baseConfigurationReference = CC209A616AFA1555D1CAEDDE /* Pods-Poochie.release.xcconfig */;
			buildSettings = {
				ASSETCATALOG_COMPILER_APPICON_NAME = AppIcon;
				CODE_SIGN_IDENTITY = "iPhone Developer";
				INFOPLIST_FILE = Poochie/Info.plist;
				LD_RUNPATH_SEARCH_PATHS = "$(inherited) @executable_path/Frameworks";
				PRODUCT_BUNDLE_IDENTIFIER = BaseHacks.Poochie;
				PRODUCT_NAME = "$(TARGET_NAME)";
				TARGETED_DEVICE_FAMILY = "1,2";
			};
			name = Release;
		};
		E16C14C01D0CBEC4009444FA /* Debug */ = {
			isa = XCBuildConfiguration;
			baseConfigurationReference = 895DDF6F11E489749A38613C /* Pods-PoochieTests.debug.xcconfig */;
			buildSettings = {
				BUNDLE_LOADER = "$(TEST_HOST)";
				INFOPLIST_FILE = PoochieTests/Info.plist;
				LD_RUNPATH_SEARCH_PATHS = "$(inherited) @executable_path/Frameworks @loader_path/Frameworks";
				PRODUCT_BUNDLE_IDENTIFIER = BaseHacks.PoochieTests;
				PRODUCT_NAME = "$(TARGET_NAME)";
				TEST_HOST = "$(BUILT_PRODUCTS_DIR)/Poochie.app/Poochie";
			};
			name = Debug;
		};
		E16C14C11D0CBEC4009444FA /* Release */ = {
			isa = XCBuildConfiguration;
			baseConfigurationReference = EE0C2DAB7771D4649AE1A94B /* Pods-PoochieTests.release.xcconfig */;
			buildSettings = {
				BUNDLE_LOADER = "$(TEST_HOST)";
				INFOPLIST_FILE = PoochieTests/Info.plist;
				LD_RUNPATH_SEARCH_PATHS = "$(inherited) @executable_path/Frameworks @loader_path/Frameworks";
				PRODUCT_BUNDLE_IDENTIFIER = BaseHacks.PoochieTests;
				PRODUCT_NAME = "$(TARGET_NAME)";
				TEST_HOST = "$(BUILT_PRODUCTS_DIR)/Poochie.app/Poochie";
			};
			name = Release;
		};
		E16C14C31D0CBEC4009444FA /* Debug */ = {
			isa = XCBuildConfiguration;
			baseConfigurationReference = DCA209206ED21EFCC20C5CDB /* Pods-PoochieUITests.debug.xcconfig */;
			buildSettings = {
				INFOPLIST_FILE = PoochieUITests/Info.plist;
				LD_RUNPATH_SEARCH_PATHS = "$(inherited) @executable_path/Frameworks @loader_path/Frameworks";
				PRODUCT_BUNDLE_IDENTIFIER = BaseHacks.PoochieUITests;
				PRODUCT_NAME = "$(TARGET_NAME)";
				TEST_TARGET_NAME = Poochie;
			};
			name = Debug;
		};
		E16C14C41D0CBEC4009444FA /* Release */ = {
			isa = XCBuildConfiguration;
			baseConfigurationReference = ADAB1C3B931D7FDBE39C60C3 /* Pods-PoochieUITests.release.xcconfig */;
			buildSettings = {
				INFOPLIST_FILE = PoochieUITests/Info.plist;
				LD_RUNPATH_SEARCH_PATHS = "$(inherited) @executable_path/Frameworks @loader_path/Frameworks";
				PRODUCT_BUNDLE_IDENTIFIER = BaseHacks.PoochieUITests;
				PRODUCT_NAME = "$(TARGET_NAME)";
				TEST_TARGET_NAME = Poochie;
			};
			name = Release;
		};
/* End XCBuildConfiguration section */

/* Begin XCConfigurationList section */
		E16C148F1D0CBEC4009444FA /* Build configuration list for PBXProject "Poochie" */ = {
			isa = XCConfigurationList;
			buildConfigurations = (
				E16C14BA1D0CBEC4009444FA /* Debug */,
				E16C14BB1D0CBEC4009444FA /* Release */,
			);
			defaultConfigurationIsVisible = 0;
			defaultConfigurationName = Release;
		};
		E16C14BC1D0CBEC4009444FA /* Build configuration list for PBXNativeTarget "Poochie" */ = {
			isa = XCConfigurationList;
			buildConfigurations = (
				E16C14BD1D0CBEC4009444FA /* Debug */,
				E16C14BE1D0CBEC4009444FA /* Release */,
			);
			defaultConfigurationIsVisible = 0;
			defaultConfigurationName = Release;
		};
		E16C14BF1D0CBEC4009444FA /* Build configuration list for PBXNativeTarget "PoochieTests" */ = {
			isa = XCConfigurationList;
			buildConfigurations = (
				E16C14C01D0CBEC4009444FA /* Debug */,
				E16C14C11D0CBEC4009444FA /* Release */,
			);
			defaultConfigurationIsVisible = 0;
			defaultConfigurationName = Release;
		};
		E16C14C21D0CBEC4009444FA /* Build configuration list for PBXNativeTarget "PoochieUITests" */ = {
			isa = XCConfigurationList;
			buildConfigurations = (
				E16C14C31D0CBEC4009444FA /* Debug */,
				E16C14C41D0CBEC4009444FA /* Release */,
			);
			defaultConfigurationIsVisible = 0;
			defaultConfigurationName = Release;
		};
/* End XCConfigurationList section */
	};
	rootObject = E16C148C1D0CBEC4009444FA /* Project object */;
}
